
Microsoft Visual Studio Solution File, Format Version 12.00
# Visual Studio Version 17
VisualStudioVersion = 17.3.32901.215
MinimumVisualStudioVersion = 10.0.40219.1
Project("{FAE04EC0-301F-11D3-BF4B-00C04F79EFBC}") = "client_app", "client_app\client_app.csproj", "{93F607A1-71D1-495A-B64C-46ADB1FB267D}"
EndProject
Project("{FAE04EC0-301F-11D3-BF4B-00C04F79EFBC}") = "server_app", "server_app\server_app.csproj", "{1D17C7D8-3A74-4D36-A780-F5008BCA23CB}"
EndProject
Global
	GlobalSection(SolutionConfigurationPlatforms) = preSolution
		Debug|Any CPU = Debug|Any CPU
		Release|Any CPU = Release|Any CPU
	EndGlobalSection
	GlobalSection(ProjectConfigurationPlatforms) = postSolution
		{93F607A1-71D1-495A-B64C-46ADB1FB267D}.Debug|Any CPU.ActiveCfg = Debug|Any CPU
		{93F607A1-71D1-495A-B64C-46ADB1FB267D}.Debug|Any CPU.Build.0 = Debug|Any CPU
		{93F607A1-71D1-495A-B64C-46ADB1FB267D}.Release|Any CPU.ActiveCfg = Release|Any CPU
		{93F607A1-71D1-495A-B64C-46ADB1FB267D}.Release|Any CPU.Build.0 = Release|Any CPU
		{1D17C7D8-3A74-4D36-A780-F5008BCA23CB}.Debug|Any CPU.ActiveCfg = Debug|Any CPU
		{1D17C7D8-3A74-4D36-A780-F5008BCA23CB}.Debug|Any CPU.Build.0 = Debug|Any CPU
		{1D17C7D8-3A74-4D36-A780-F5008BCA23CB}.Release|Any CPU.ActiveCfg = Release|Any CPU
		{1D17C7D8-3A74-4D36-A780-F5008BCA23CB}.Release|Any CPU.Build.0 = Release|Any CPU
	EndGlobalSection
	GlobalSection(SolutionProperties) = preSolution
		HideSolutionNode = FALSE
	EndGlobalSection
	GlobalSection(ExtensibilityGlobals) = postSolution
		SolutionGuid = {8F96B9D9-FDA5-4D05-AD6C-61A17243D08D}
	EndGlobalSection
EndGlobal
